{
  "name": "nano-oetzi-webgpu",
  "lockfileVersion": 2,
  "requires": true,
  "packages": {
    "": {
      "dependencies": {
        "@fluentui/web-components": "^2.4.0"
      }
    },
    "node_modules/@fluentui/web-components": {
      "version": "2.4.0",
      "resolved": "https://registry.npmjs.org/@fluentui/web-components/-/web-components-2.4.0.tgz",
      "integrity": "sha512-/Gqkp9O95u4leHftl5FfywEcJUhdKKIb2cq9f48Zi2nGksPg5wA2EDU5jhErH4VirVdhttFZ5ZMLM49h5jXQXw==",
      "dependencies": {
        "@microsoft/fast-colors": "^5.1.5",
        "@microsoft/fast-element": "^1.9.0",
        "@microsoft/fast-foundation": "^2.42.0",
        "@microsoft/fast-web-utilities": "^5.3.0",
        "tslib": "^1.13.0"
      }
    },
    "node_modules/@microsoft/fast-colors": {
      "version": "5.3.0",
      "resolved": "https://registry.npmjs.org/@microsoft/fast-colors/-/fast-colors-5.3.0.tgz",
      "integrity": "sha512-MtuVlnvoirgc3cyEGzkDdv+zlEt0dEm7y3HaBqoOYwti5OVROi7x99Kbn/cWGlqF13+a/TEX6L8IkYW0/LT7Yw=="
    },
    "node_modules/@microsoft/fast-element": {
      "version": "1.10.1",
      "resolved": "https://registry.npmjs.org/@microsoft/fast-element/-/fast-element-1.10.1.tgz",
      "integrity": "sha512-cq+vBBa8JCuAhsFEwHM9386YolYu9pNb1sBodp69RqWuaU56ElC60dC3aQWuOKqAMNoQqtCHPh0RQTvVBegSyw=="
    },
    "node_modules/@microsoft/fast-foundation": {
      "version": "2.46.1",
      "resolved": "https://registry.npmjs.org/@microsoft/fast-foundation/-/fast-foundation-2.46.1.tgz",
      "integrity": "sha512-0R/yx4NZKu01bkMKq8Xl6QyRBYecmNNxZL0iLg6tzRSQHwGJ66tVXqUp7fAfubA9IVijBPnKJZCM+zRx/Fuvxw==",
      "dependencies": {
        "@microsoft/fast-element": "^1.10.1",
        "@microsoft/fast-web-utilities": "^5.4.1",
        "tabbable": "^5.2.0",
        "tslib": "^1.13.0"
      }
    },
    "node_modules/@microsoft/fast-web-utilities": {
      "version": "5.4.1",
      "resolved": "https://registry.npmjs.org/@microsoft/fast-web-utilities/-/fast-web-utilities-5.4.1.tgz",
      "integrity": "sha512-ReWYncndjV3c8D8iq9tp7NcFNc1vbVHvcBFPME2nNFKNbS1XCesYZGlIlf3ot5EmuOXPlrzUHOWzQ2vFpIkqDg==",
      "dependencies": {
        "exenv-es6": "^1.1.1"
      }
    },
    "node_modules/exenv-es6": {
      "version": "1.1.1",
      "resolved": "https://registry.npmjs.org/exenv-es6/-/exenv-es6-1.1.1.tgz",
      "integrity": "sha512-vlVu3N8d6yEMpMsEm+7sUBAI81aqYYuEvfK0jNqmdb/OPXzzH7QWDDnVjMvDSY47JdHEqx/dfC/q8WkfoTmpGQ=="
    },
    "node_modules/tabbable": {
      "version": "5.3.1",
      "resolved": "https://registry.npmjs.org/tabbable/-/tabbable-5.3.1.tgz",
      "integrity": "sha512-NtO7I7eoAHR+JwwcNsi/PipamtAEebYDnur/k9wM6n238HHy/+1O4+7Zx7e/JaDAbKJPlIFYsfsV/6tPqTOQvg=="
    },
    "node_modules/tslib": {
      "version": "1.14.1",
      "resolved": "https://registry.npmjs.org/tslib/-/tslib-1.14.1.tgz",
      "integrity": "sha512-Xni35NKzjgMrwevysHTCArtLDpPvye8zV/0E4EyYn43P7/7qvQwPh9BGkHewbMulVntbigmcT7rdX3BNo9wRJg=="
    }
  },
  "dependencies": {
    "@fluentui/web-components": {
      "version": "2.4.0",
      "resolved": "https://registry.npmjs.org/@fluentui/web-components/-/web-components-2.4.0.tgz",
      "integrity": "sha512-/Gqkp9O95u4leHftl5FfywEcJUhdKKIb2cq9f48Zi2nGksPg5wA2EDU5jhErH4VirVdhttFZ5ZMLM49h5jXQXw==",
      "requires": {
        "@microsoft/fast-colors": "^5.1.5",
        "@microsoft/fast-element": "^1.9.0",
        "@microsoft/fast-foundation": "^2.42.0",
        "@microsoft/fast-web-utilities": "^5.3.0",
        "tslib": "^1.13.0"
      }
    },
    "@microsoft/fast-colors": {
      "version": "5.3.0",
      "resolved": "https://registry.npmjs.org/@microsoft/fast-colors/-/fast-colors-5.3.0.tgz",
      "integrity": "sha512-MtuVlnvoirgc3cyEGzkDdv+zlEt0dEm7y3HaBqoOYwti5OVROi7x99Kbn/cWGlqF13+a/TEX6L8IkYW0/LT7Yw=="
    },
    "@microsoft/fast-element": {
      "version": "1.10.1",
      "resolved": "https://registry.npmjs.org/@microsoft/fast-element/-/fast-element-1.10.1.tgz",
      "integrity": "sha512-cq+vBBa8JCuAhsFEwHM9386YolYu9pNb1sBodp69RqWuaU56ElC60dC3aQWuOKqAMNoQqtCHPh0RQTvVBegSyw=="
    },
    "@microsoft/fast-foundation": {
      "version": "2.46.1",
      "resolved": "https://registry.npmjs.org/@microsoft/fast-foundation/-/fast-foundation-2.46.1.tgz",
      "integrity": "sha512-0R/yx4NZKu01bkMKq8Xl6QyRBYecmNNxZL0iLg6tzRSQHwGJ66tVXqUp7fAfubA9IVijBPnKJZCM+zRx/Fuvxw==",
      "requires": {
        "@microsoft/fast-element": "^1.10.1",
        "@microsoft/fast-web-utilities": "^5.4.1",
        "tabbable": "^5.2.0",
        "tslib": "^1.13.0"
      }
    },
    "@microsoft/fast-web-utilities": {
      "version": "5.4.1",
      "resolved": "https://registry.npmjs.org/@microsoft/fast-web-utilities/-/fast-web-utilities-5.4.1.tgz",
      "integrity": "sha512-ReWYncndjV3c8D8iq9tp7NcFNc1vbVHvcBFPME2nNFKNbS1XCesYZGlIlf3ot5EmuOXPlrzUHOWzQ2vFpIkqDg==",
      "requires": {
        "exenv-es6": "^1.1.1"
      }
    },
    "exenv-es6": {
      "version": "1.1.1",
      "resolved": "https://registry.npmjs.org/exenv-es6/-/exenv-es6-1.1.1.tgz",
      "integrity": "sha512-vlVu3N8d6yEMpMsEm+7sUBAI81aqYYuEvfK0jNqmdb/OPXzzH7QWDDnVjMvDSY47JdHEqx/dfC/q8WkfoTmpGQ=="
    },
    "tabbable": {
      "version": "5.3.1",
      "resolved": "https://registry.npmjs.org/tabbable/-/tabbable-5.3.1.tgz",
      "integrity": "sha512-NtO7I7eoAHR+JwwcNsi/PipamtAEebYDnur/k9wM6n238HHy/+1O4+7Zx7e/JaDAbKJPlIFYsfsV/6tPqTOQvg=="
    },
    "tslib": {
      "version": "1.14.1",
      "resolved": "https://registry.npmjs.org/tslib/-/tslib-1.14.1.tgz",
      "integrity": "sha512-Xni35NKzjgMrwevysHTCArtLDpPvye8zV/0E4EyYn43P7/7qvQwPh9BGkHewbMulVntbigmcT7rdX3BNo9wRJg=="
    }
  }
}
